
Microsoft Visual Studio Solution File, Format Version 12.00
# Visual Studio 15
VisualStudioVersion = 15.0.28010.2046
MinimumVisualStudioVersion = 10.0.40219.1
Project("{FAE04EC0-301F-11D3-BF4B-00C04F79EFBC}") = "SchoolCore", "SchoolCore\SchoolCore.csproj", "{6E6C0670-BA47-45B5-A513-982A3B49EABC}"
EndProject
Global
	GlobalSection(SolutionConfigurationPlatforms) = preSolution
		Debug|Any CPU = Debug|Any CPU
		Release|Any CPU = Release|Any CPU
	EndGlobalSection
	GlobalSection(ProjectConfigurationPlatforms) = postSolution
		{6E6C0670-BA47-45B5-A513-982A3B49EABC}.Debug|Any CPU.ActiveCfg = Debug|Any CPU
		{6E6C0670-BA47-45B5-A513-982A3B49EABC}.Debug|Any CPU.Build.0 = Debug|Any CPU
		{6E6C0670-BA47-45B5-A513-982A3B49EABC}.Release|Any CPU.ActiveCfg = Release|Any CPU
		{6E6C0670-BA47-45B5-A513-982A3B49EABC}.Release|Any CPU.Build.0 = Release|Any CPU
	EndGlobalSection
	GlobalSection(SolutionProperties) = preSolution
		HideSolutionNode = FALSE
	EndGlobalSection
	GlobalSection(ExtensibilityGlobals) = postSolution
		SolutionGuid = {7A88349E-EAAE-4A90-BB97-B3E24E2E0318}
	EndGlobalSection
EndGlobal
